{
  "name": "x402-plugins",
  "version": "0.0.0",
  "lockfileVersion": 3,
  "requires": true,
  "packages": {
    "": {
      "name": "x402-plugins",
      "version": "0.0.0",
      "license": "MIT",
      "workspaces": [
        "packages/*"
      ],
      "engines": {
        "node": ">=20"
      }
    },
    "node_modules/@types/node": {
      "version": "22.19.19",
      "resolved": "https://registry.npmjs.org/@types/node/-/node-22.19.19.tgz",
      "integrity": "sha512-dyh/xO2Fh5bYrfWaaqGrRQQGkNdmYw6AmaAUvYeUMNTWQtvb796ikLdmTchRmOlOiIJ1TDXfWgVx1QkUlQ6Hew==",
      "dev": true,
      "license": "MIT",
      "dependencies": {
        "undici-types": "~6.21.0"
      }
    },
    "node_modules/@x402-plugins/core": {
      "resolved": "packages/x402-core",
      "link": true
    },
    "node_modules/@x402-plugins/openclaw-x402": {
      "resolved": "packages/openclaw-x402",
      "link": true
    },
    "node_modules/@x402-plugins/opencode-x402": {
      "resolved": "packages/opencode-x402",
      "link": true
    },
    "node_modules/@x402-plugins/pi-x402": {
      "resolved": "packages/pi-x402",
      "link": true
    },
    "node_modules/@x402/core": {
      "version": "2.12.0",
      "resolved": "https://registry.npmjs.org/@x402/core/-/core-2.12.0.tgz",
      "integrity": "sha512-dLae9AbZRN/W7GsKe9ngqGsflnP+esE72s0GjmqDZbPihM/tlHCA6UnDdgM0qfOiDOf9iL+mmCs1OyLWpwnGLQ==",
      "license": "Apache-2.0",
      "dependencies": {
        "zod": "^3.24.2"
      }
    },
    "node_modules/@x402/fetch": {
      "version": "2.12.0",
      "resolved": "https://registry.npmjs.org/@x402/fetch/-/fetch-2.12.0.tgz",
      "integrity": "sha512-lkN/fzkZjnbJreLwI3fessKAaTKsOrrc0mFPGHWwZy0W/s8KFusLwdHuS8ul/XdUyNcYYrwcV6z0faGGSWNUNA==",
      "license": "Apache-2.0",
      "dependencies": {
        "@x402/core": "~2.12.0"
      }
    },
    "node_modules/typescript": {
      "version": "5.9.3",
      "resolved": "https://registry.npmjs.org/typescript/-/typescript-5.9.3.tgz",
      "integrity": "sha512-jl1vZzPDinLr9eUt3J/t7V6FgNEw9QjvBPdysz9KfQDD41fQrC2Y4vKQdiaUpFT4bXlb1RHhLpp8wtm6M5TgSw==",
      "dev": true,
      "license": "Apache-2.0",
      "bin": {
        "tsc": "bin/tsc",
        "tsserver": "bin/tsserver"
      },
      "engines": {
        "node": ">=14.17"
      }
    },
    "node_modules/undici-types": {
      "version": "6.21.0",
      "resolved": "https://registry.npmjs.org/undici-types/-/undici-types-6.21.0.tgz",
      "integrity": "sha512-iwDZqg0QAGrg9Rav5H4n0M64c3mkR59cJ6wQp+7C4nI0gsmExaedaYLNO44eT4AtBBwjbTiGPMlt2Md0T9H9JQ==",
      "dev": true,
      "license": "MIT"
    },
    "node_modules/zod": {
      "version": "3.25.76",
      "resolved": "https://registry.npmjs.org/zod/-/zod-3.25.76.tgz",
      "integrity": "sha512-gzUt/qt81nXsFGKIFcC3YnfEAx5NkunCfnDlvuBSSFS02bcXu4Lmea0AFIUwbLWxWPx3d9p8S5QoaujKcNQxcQ==",
      "license": "MIT",
      "funding": {
        "url": "https://github.com/sponsors/colinhacks"
      }
    },
    "packages/openclaw-x402": {
      "name": "@x402-plugins/openclaw-x402",
      "version": "0.1.0",
      "license": "MIT",
      "dependencies": {
        "@x402-plugins/core": "0.1.0"
      },
      "devDependencies": {
        "typescript": "^5.7.0"
      },
      "peerDependencies": {
        "openclaw": "*"
      },
      "peerDependenciesMeta": {
        "openclaw": {
          "optional": true
        }
      }
    },
    "packages/opencode-x402": {
      "name": "@x402-plugins/opencode-x402",
      "version": "0.1.0",
      "license": "MIT",
      "dependencies": {
        "@x402-plugins/core": "0.1.0"
      },
      "devDependencies": {
        "typescript": "^5.7.0"
      },
      "peerDependencies": {
        "@opencode-ai/plugin": "*"
      },
      "peerDependenciesMeta": {
        "@opencode-ai/plugin": {
          "optional": true
        }
      }
    },
    "packages/pi-x402": {
      "name": "@x402-plugins/pi-x402",
      "version": "0.1.0",
      "license": "MIT",
      "dependencies": {
        "@x402-plugins/core": "0.1.0"
      },
      "devDependencies": {
        "typescript": "^5.7.0"
      },
      "peerDependencies": {
        "@earendil-works/pi-coding-agent": "*"
      },
      "peerDependenciesMeta": {
        "@earendil-works/pi-coding-agent": {
          "optional": true
        }
      }
    },
    "packages/x402-core": {
      "name": "@x402-plugins/core",
      "version": "0.1.0",
      "license": "MIT",
      "dependencies": {
        "@x402/core": "^2.0.0",
        "@x402/fetch": "^2.0.0"
      },
      "devDependencies": {
        "@types/node": "^22.10.0",
        "typescript": "^5.7.0"
      }
    }
  }
}
